
Microsoft Visual Studio Solution File, Format Version 12.00
# Visual Studio Version 17
VisualStudioVersion = 17.2.32630.192
MinimumVisualStudioVersion = 10.0.40219.1
Project("{FAE04EC0-301F-11D3-BF4B-00C04F79EFBC}") = "WebAppEnitity", "WebAppEnitity\WebAppEnitity.csproj", "{AC7B5B00-C257-4FDC-94E0-AE0026C2B4AB}"
EndProject
Global
	GlobalSection(SolutionConfigurationPlatforms) = preSolution
		Debug|Any CPU = Debug|Any CPU
		Release|Any CPU = Release|Any CPU
	EndGlobalSection
	GlobalSection(ProjectConfigurationPlatforms) = postSolution
		{AC7B5B00-C257-4FDC-94E0-AE0026C2B4AB}.Debug|Any CPU.ActiveCfg = Debug|Any CPU
		{AC7B5B00-C257-4FDC-94E0-AE0026C2B4AB}.Debug|Any CPU.Build.0 = Debug|Any CPU
		{AC7B5B00-C257-4FDC-94E0-AE0026C2B4AB}.Release|Any CPU.ActiveCfg = Release|Any CPU
		{AC7B5B00-C257-4FDC-94E0-AE0026C2B4AB}.Release|Any CPU.Build.0 = Release|Any CPU
	EndGlobalSection
	GlobalSection(SolutionProperties) = preSolution
		HideSolutionNode = FALSE
	EndGlobalSection
	GlobalSection(ExtensibilityGlobals) = postSolution
		SolutionGuid = {3423A894-6529-4E69-8B5E-1B35C37C1FDF}
	EndGlobalSection
EndGlobal
